// !$*UTF8*$!
{
	archiveVersion = 1;
	classes = {
	};
	objectVersion = 77;
	objects = {

/* Begin PBXBuildFile section */
		4F1A70412F080573003813AB /* NetworkReporterShared in Frameworks */ = {isa = PBXBuildFile; productRef = 4FFCB5DD2F005338005467CB /* NetworkReporterShared */; };
		4F1A70422F080573003813AB /* NetworkReporterShared in Frameworks */ = {isa = PBXBuildFile; productRef = 4FFCB5DB2F00530E005467CB /* NetworkReporterShared */; };
		4FB7B9F32EF98F8300A1A958 /* NetworkReporterService.xpc in Embed XPC Services */ = {isa = PBXBuildFile; fileRef = 4FB7B9E82EF98F8300A1A958 /* NetworkReporterService.xpc */; settings = {ATTRIBUTES = (RemoveHeadersOnCopy, ); }; };
		4FF7EBC52F0803C900C92D6E /* NetworkReporterShared in Frameworks */ = {isa = PBXBuildFile; productRef = 4FF7EBC42F0803C900C92D6E /* NetworkReporterShared */; };
/* End PBXBuildFile section */

/* Begin PBXContainerItemProxy section */
		4FB7B9C82EF98F5400A1A958 /* PBXContainerItemProxy */ = {
			isa = PBXContainerItemProxy;
			containerPortal = 4FB7B9AD2EF98F5200A1A958 /* Project object */;
			proxyType = 1;
			remoteGlobalIDString = 4FB7B9B42EF98F5200A1A958;
			remoteInfo = NetworkReporter;
		};
		4FB7B9F12EF98F8300A1A958 /* PBXContainerItemProxy */ = {
			isa = PBXContainerItemProxy;
			containerPortal = 4FB7B9AD2EF98F5200A1A958 /* Project object */;
			proxyType = 1;
			remoteGlobalIDString = 4FB7B9E72EF98F8300A1A958;
			remoteInfo = NetworkReporterService;
		};
/* End PBXContainerItemProxy section */

/* Begin PBXCopyFilesBuildPhase section */
		4FB7B9F82EF98F8300A1A958 /* Embed XPC Services */ = {
			isa = PBXCopyFilesBuildPhase;
			buildActionMask = 2147483647;
			dstPath = "$(CONTENTS_FOLDER_PATH)/XPCServices";
			dstSubfolderSpec = 16;
			files = (
				4FB7B9F32EF98F8300A1A958 /* NetworkReporterService.xpc in Embed XPC Services */,
			);
			name = "Embed XPC Services";
			runOnlyForDeploymentPostprocessing = 0;
		};
/* End PBXCopyFilesBuildPhase section */

/* Begin PBXFileReference section */
		4FB7B9B52EF98F5200A1A958 /* NetworkReporter.app */ = {isa = PBXFileReference; explicitFileType = wrapper.application; includeInIndex = 0; path = NetworkReporter.app; sourceTree = BUILT_PRODUCTS_DIR; };
		4FB7B9C72EF98F5400A1A958 /* NetworkReporterTests.xctest */ = {isa = PBXFileReference; explicitFileType = wrapper.cfbundle; includeInIndex = 0; path = NetworkReporterTests.xctest; sourceTree = BUILT_PRODUCTS_DIR; };
		4FB7B9D12EF98F5400A1A958 /* NetworkReporterUITests.xctest */ = {isa = PBXFileReference; explicitFileType = wrapper.cfbundle; includeInIndex = 0; path = NetworkReporterUITests.xctest; sourceTree = BUILT_PRODUCTS_DIR; };
		4FB7B9E82EF98F8300A1A958 /* NetworkReporterService.xpc */ = {isa = PBXFileReference; explicitFileType = "wrapper.xpc-service"; includeInIndex = 0; path = NetworkReporterService.xpc; sourceTree = BUILT_PRODUCTS_DIR; };
/* End PBXFileReference section */

/* Begin PBXFileSystemSynchronizedBuildFileExceptionSet section */
		4FB7B9F42EF98F8300A1A958 /* Exceptions for "NetworkReporterService" folder in "NetworkReporterService" target */ = {
			isa = PBXFileSystemSynchronizedBuildFileExceptionSet;
			membershipExceptions = (
				Info.plist,
			);
			target = 4FB7B9E72EF98F8300A1A958 /* NetworkReporterService */;
		};
/* End PBXFileSystemSynchronizedBuildFileExceptionSet section */

/* Begin PBXFileSystemSynchronizedRootGroup section */
		4FB7B9B72EF98F5200A1A958 /* NetworkReporter */ = {
			isa = PBXFileSystemSynchronizedRootGroup;
			path = NetworkReporter;
			sourceTree = "<group>";
		};
		4FB7B9CA2EF98F5400A1A958 /* NetworkReporterTests */ = {
			isa = PBXFileSystemSynchronizedRootGroup;
			path = NetworkReporterTests;
			sourceTree = "<group>";
		};
		4FB7B9D42EF98F5400A1A958 /* NetworkReporterUITests */ = {
			isa = PBXFileSystemSynchronizedRootGroup;
			path = NetworkReporterUITests;
			sourceTree = "<group>";
		};
		4FB7B9E92EF98F8300A1A958 /* NetworkReporterService */ = {
			isa = PBXFileSystemSynchronizedRootGroup;
			exceptions = (
				4FB7B9F42EF98F8300A1A958 /* Exceptions for "NetworkReporterService" folder in "NetworkReporterService" target */,
			);
			path = NetworkReporterService;
			sourceTree = "<group>";
		};
/* End PBXFileSystemSynchronizedRootGroup section */

/* Begin PBXFrameworksBuildPhase section */
		4FB7B9C42EF98F5400A1A958 /* Frameworks */ = {
			isa = PBXFrameworksBuildPhase;
			buildActionMask = 2147483647;
			files = (
				4FF7EBC52F0803C900C92D6E /* NetworkReporterShared in Frameworks */,
			);
			runOnlyForDeploymentPostprocessing = 0;
		};
		4FF7EBC32F08039E00C92D6E /* Frameworks */ = {
			isa = PBXFrameworksBuildPhase;
			buildActionMask = 2147483647;
			files = (
				4F1A70422F080573003813AB /* NetworkReporterShared in Frameworks */,
			);
			runOnlyForDeploymentPostprocessing = 0;
		};
		4FF7EBC62F0803D100C92D6E /* Frameworks */ = {
			isa = PBXFrameworksBuildPhase;
			buildActionMask = 2147483647;
			files = (
				4F1A70412F080573003813AB /* NetworkReporterShared in Frameworks */,
			);
			runOnlyForDeploymentPostprocessing = 0;
		};
/* End PBXFrameworksBuildPhase section */

/* Begin PBXGroup section */
		4FB7B9AC2EF98F5200A1A958 = {
			isa = PBXGroup;
			children = (
				4FB7B9B72EF98F5200A1A958 /* NetworkReporter */,
				4FB7B9CA2EF98F5400A1A958 /* NetworkReporterTests */,
				4FB7B9D42EF98F5400A1A958 /* NetworkReporterUITests */,
				4FB7B9E92EF98F8300A1A958 /* NetworkReporterService */,
				4FFCB5DA2F00530E005467CB /* Frameworks */,
				4FB7B9B62EF98F5200A1A958 /* Products */,
			);
			sourceTree = "<group>";
		};
		4FB7B9B62EF98F5200A1A958 /* Products */ = {
			isa = PBXGroup;
			children = (
				4FB7B9B52EF98F5200A1A958 /* NetworkReporter.app */,
				4FB7B9C72EF98F5400A1A958 /* NetworkReporterTests.xctest */,
				4FB7B9D12EF98F5400A1A958 /* NetworkReporterUITests.xctest */,
				4FB7B9E82EF98F8300A1A958 /* NetworkReporterService.xpc */,
			);
			name = Products;
			sourceTree = "<group>";
		};
		4FFCB5DA2F00530E005467CB /* Frameworks */ = {
			isa = PBXGroup;
			children = (
			);
			name = Frameworks;
			sourceTree = "<group>";
		};
/* End PBXGroup section */

/* Begin PBXNativeTarget section */
		4FB7B9B42EF98F5200A1A958 /* NetworkReporter */ = {
			isa = PBXNativeTarget;
			buildConfigurationList = 4FB7B9DB2EF98F5400A1A958 /* Build configuration list for PBXNativeTarget "NetworkReporter" */;
			buildPhases = (
				4FB7B9B12EF98F5200A1A958 /* Sources */,
				4FB7B9B32EF98F5200A1A958 /* Resources */,
				4FB7B9F82EF98F8300A1A958 /* Embed XPC Services */,
				4FF7EBC32F08039E00C92D6E /* Frameworks */,
			);
			buildRules = (
			);
			dependencies = (
				4FB7B9F22EF98F8300A1A958 /* PBXTargetDependency */,
			);
			fileSystemSynchronizedGroups = (
				4FB7B9B72EF98F5200A1A958 /* NetworkReporter */,
			);
			name = NetworkReporter;
			packageProductDependencies = (
				4FFCB5DB2F00530E005467CB /* NetworkReporterShared */,
			);
			productName = NetworkReporter;
			productReference = 4FB7B9B52EF98F5200A1A958 /* NetworkReporter.app */;
			productType = "com.apple.product-type.application";
		};
		4FB7B9C62EF98F5400A1A958 /* NetworkReporterTests */ = {
			isa = PBXNativeTarget;
			buildConfigurationList = 4FB7B9DE2EF98F5400A1A958 /* Build configuration list for PBXNativeTarget "NetworkReporterTests" */;
			buildPhases = (
				4FB7B9C32EF98F5400A1A958 /* Sources */,
				4FB7B9C42EF98F5400A1A958 /* Frameworks */,
				4FB7B9C52EF98F5400A1A958 /* Resources */,
			);
			buildRules = (
			);
			dependencies = (
				4FB7B9C92EF98F5400A1A958 /* PBXTargetDependency */,
			);
			fileSystemSynchronizedGroups = (
				4FB7B9CA2EF98F5400A1A958 /* NetworkReporterTests */,
			);
			name = NetworkReporterTests;
			packageProductDependencies = (
				4FF7EBC42F0803C900C92D6E /* NetworkReporterShared */,
			);
			productName = NetworkReporterTests;
			productReference = 4FB7B9C72EF98F5400A1A958 /* NetworkReporterTests.xctest */;
			productType = "com.apple.product-type.bundle.unit-test";
		};
		4FB7B9E72EF98F8300A1A958 /* NetworkReporterService */ = {
			isa = PBXNativeTarget;
			buildConfigurationList = 4FB7B9F52EF98F8300A1A958 /* Build configuration list for PBXNativeTarget "NetworkReporterService" */;
			buildPhases = (
				4FB7B9E42EF98F8300A1A958 /* Sources */,
				4FB7B9E62EF98F8300A1A958 /* Resources */,
				4FF7EBC62F0803D100C92D6E /* Frameworks */,
			);
			buildRules = (
			);
			dependencies = (
			);
			fileSystemSynchronizedGroups = (
				4FB7B9E92EF98F8300A1A958 /* NetworkReporterService */,
			);
			name = NetworkReporterService;
			packageProductDependencies = (
				4FFCB5DD2F005338005467CB /* NetworkReporterShared */,
			);
			productName = NetworkReporterService;
			productReference = 4FB7B9E82EF98F8300A1A958 /* NetworkReporterService.xpc */;
			productType = "com.apple.product-type.xpc-service";
		};
/* End PBXNativeTarget section */

/* Begin PBXProject section */
		4FB7B9AD2EF98F5200A1A958 /* Project object */ = {
			isa = PBXProject;
			attributes = {
				BuildIndependentTargetsInParallel = 1;
				LastSwiftUpdateCheck = 2620;
				LastUpgradeCheck = 2620;
				TargetAttributes = {
					4FB7B9B42EF98F5200A1A958 = {
						CreatedOnToolsVersion = 26.2;
					};
					4FB7B9C62EF98F5400A1A958 = {
						CreatedOnToolsVersion = 26.2;
						TestTargetID = 4FB7B9B42EF98F5200A1A958;
					};
					4FB7B9E72EF98F8300A1A958 = {
						CreatedOnToolsVersion = 26.2;
					};
				};
			};
			buildConfigurationList = 4FB7B9B02EF98F5200A1A958 /* Build configuration list for PBXProject "NetworkReporter" */;
			developmentRegion = en;
			hasScannedForEncodings = 0;
			knownRegions = (
				en,
				Base,
			);
			mainGroup = 4FB7B9AC2EF98F5200A1A958;
			minimizedProjectReferenceProxies = 1;
			packageReferences = (
				4FFCB5D92F0052E2005467CB /* XCLocalSwiftPackageReference "NetworkReporterShared" */,
			);
			preferredProjectObjectVersion = 77;
			productRefGroup = 4FB7B9B62EF98F5200A1A958 /* Products */;
			projectDirPath = "";
			projectRoot = "";
			targets = (
				4FB7B9B42EF98F5200A1A958 /* NetworkReporter */,
				4FB7B9C62EF98F5400A1A958 /* NetworkReporterTests */,
				4FB7B9E72EF98F8300A1A958 /* NetworkReporterService */,
			);
		};
/* End PBXProject section */

/* Begin PBXResourcesBuildPhase section */
		4FB7B9B32EF98F5200A1A958 /* Resources */ = {
			isa = PBXResourcesBuildPhase;
			buildActionMask = 2147483647;
			files = (
			);
			runOnlyForDeploymentPostprocessing = 0;
		};
		4FB7B9C52EF98F5400A1A958 /* Resources */ = {
			isa = PBXResourcesBuildPhase;
			buildActionMask = 2147483647;
			files = (
			);
			runOnlyForDeploymentPostprocessing = 0;
		};
		4FB7B9E62EF98F8300A1A958 /* Resources */ = {
			isa = PBXResourcesBuildPhase;
			buildActionMask = 2147483647;
			files = (
			);
			runOnlyForDeploymentPostprocessing = 0;
		};
/* End PBXResourcesBuildPhase section */

/* Begin PBXSourcesBuildPhase section */
		4FB7B9B12EF98F5200A1A958 /* Sources */ = {
			isa = PBXSourcesBuildPhase;
			buildActionMask = 2147483647;
			files = (
			);
			runOnlyForDeploymentPostprocessing = 0;
		};
		4FB7B9C32EF98F5400A1A958 /* Sources */ = {
			isa = PBXSourcesBuildPhase;
			buildActionMask = 2147483647;
			files = (
			);
			runOnlyForDeploymentPostprocessing = 0;
		};
		4FB7B9E42EF98F8300A1A958 /* Sources */ = {
			isa = PBXSourcesBuildPhase;
			buildActionMask = 2147483647;
			files = (
			);
			runOnlyForDeploymentPostprocessing = 0;
		};
/* End PBXSourcesBuildPhase section */

/* Begin PBXTargetDependency section */
		4FB7B9C92EF98F5400A1A958 /* PBXTargetDependency */ = {
			isa = PBXTargetDependency;
			target = 4FB7B9B42EF98F5200A1A958 /* NetworkReporter */;
			targetProxy = 4FB7B9C82EF98F5400A1A958 /* PBXContainerItemProxy */;
		};
		4FB7B9F22EF98F8300A1A958 /* PBXTargetDependency */ = {
			isa = PBXTargetDependency;
			target = 4FB7B9E72EF98F8300A1A958 /* NetworkReporterService */;
			targetProxy = 4FB7B9F12EF98F8300A1A958 /* PBXContainerItemProxy */;
		};
/* End PBXTargetDependency section */

/* Begin XCBuildConfiguration section */
		4FB7B9D92EF98F5400A1A958 /* Debug */ = {
			isa = XCBuildConfiguration;
			buildSettings = {
				ALWAYS_SEARCH_USER_PATHS = NO;
				ASSETCATALOG_COMPILER_GENERATE_SWIFT_ASSET_SYMBOL_EXTENSIONS = YES;
				CLANG_ANALYZER_NONNULL = YES;
				CLANG_ANALYZER_NUMBER_OBJECT_CONVERSION = YES_AGGRESSIVE;
				CLANG_CXX_LANGUAGE_STANDARD = "gnu++20";
				CLANG_ENABLE_MODULES = YES;
				CLANG_ENABLE_OBJC_ARC = YES;
				CLANG_ENABLE_OBJC_WEAK = YES;
				CLANG_WARN_BLOCK_CAPTURE_AUTORELEASING = YES;
				CLANG_WARN_BOOL_CONVERSION = YES;
				CLANG_WARN_COMMA = YES;
				CLANG_WARN_CONSTANT_CONVERSION = YES;
				CLANG_WARN_DEPRECATED_OBJC_IMPLEMENTATIONS = YES;
				CLANG_WARN_DIRECT_OBJC_ISA_USAGE = YES_ERROR;
				CLANG_WARN_DOCUMENTATION_COMMENTS = YES;
				CLANG_WARN_EMPTY_BODY = YES;
				CLANG_WARN_ENUM_CONVERSION = YES;
				CLANG_WARN_INFINITE_RECURSION = YES;
				CLANG_WARN_INT_CONVERSION = YES;
				CLANG_WARN_NON_LITERAL_NULL_CONVERSION = YES;
				CLANG_WARN_OBJC_IMPLICIT_RETAIN_SELF = YES;
				CLANG_WARN_OBJC_LITERAL_CONVERSION = YES;
				CLANG_WARN_OBJC_ROOT_CLASS = YES_ERROR;
				CLANG_WARN_QUOTED_INCLUDE_IN_FRAMEWORK_HEADER = YES;
				CLANG_WARN_RANGE_LOOP_ANALYSIS = YES;
				CLANG_WARN_STRICT_PROTOTYPES = YES;
				CLANG_WARN_SUSPICIOUS_MOVE = YES;
				CLANG_WARN_UNGUARDED_AVAILABILITY = YES_AGGRESSIVE;
				CLANG_WARN_UNREACHABLE_CODE = YES;
				CLANG_WARN__DUPLICATE_METHOD_MATCH = YES;
				COPY_PHASE_STRIP = NO;
				DEBUG_INFORMATION_FORMAT = dwarf;
				DEVELOPMENT_TEAM = VKVL298YR3;
				ENABLE_STRICT_OBJC_MSGSEND = YES;
				ENABLE_TESTABILITY = YES;
				ENABLE_USER_SCRIPT_SANDBOXING = YES;
				GCC_C_LANGUAGE_STANDARD = gnu17;
				GCC_DYNAMIC_NO_PIC = NO;
				GCC_NO_COMMON_BLOCKS = YES;
				GCC_OPTIMIZATION_LEVEL = 0;
				GCC_PREPROCESSOR_DEFINITIONS = (
					"DEBUG=1",
					"$(inherited)",
				);
				GCC_WARN_64_TO_32_BIT_CONVERSION = YES;
				GCC_WARN_ABOUT_RETURN_TYPE = YES_ERROR;
				GCC_WARN_UNDECLARED_SELECTOR = YES;
				GCC_WARN_UNINITIALIZED_AUTOS = YES_AGGRESSIVE;
				GCC_WARN_UNUSED_FUNCTION = YES;
				GCC_WARN_UNUSED_VARIABLE = YES;
				LOCALIZATION_PREFERS_STRING_CATALOGS = YES;
				MACOSX_DEPLOYMENT_TARGET = 26.2;
				MTL_ENABLE_DEBUG_INFO = INCLUDE_SOURCE;
				MTL_FAST_MATH = YES;
				ONLY_ACTIVE_ARCH = YES;
				SDKROOT = macosx;
				SWIFT_ACTIVE_COMPILATION_CONDITIONS = "DEBUG $(inherited)";
				SWIFT_OPTIMIZATION_LEVEL = "-Onone";
			};
			name = Debug;
		};
		4FB7B9DA2EF98F5400A1A958 /* Release */ = {
			isa = XCBuildConfiguration;
			buildSettings = {
				ALWAYS_SEARCH_USER_PATHS = NO;
				ASSETCATALOG_COMPILER_GENERATE_SWIFT_ASSET_SYMBOL_EXTENSIONS = YES;
				CLANG_ANALYZER_NONNULL = YES;
				CLANG_ANALYZER_NUMBER_OBJECT_CONVERSION = YES_AGGRESSIVE;
				CLANG_CXX_LANGUAGE_STANDARD = "gnu++20";
				CLANG_ENABLE_MODULES = YES;
				CLANG_ENABLE_OBJC_ARC = YES;
				CLANG_ENABLE_OBJC_WEAK = YES;
				CLANG_WARN_BLOCK_CAPTURE_AUTORELEASING = YES;
				CLANG_WARN_BOOL_CONVERSION = YES;
				CLANG_WARN_COMMA = YES;
				CLANG_WARN_CONSTANT_CONVERSION = YES;
				CLANG_WARN_DEPRECATED_OBJC_IMPLEMENTATIONS = YES;
				CLANG_WARN_DIRECT_OBJC_ISA_USAGE = YES_ERROR;
				CLANG_WARN_DOCUMENTATION_COMMENTS = YES;
				CLANG_WARN_EMPTY_BODY = YES;
				CLANG_WARN_ENUM_CONVERSION = YES;
				CLANG_WARN_INFINITE_RECURSION = YES;
				CLANG_WARN_INT_CONVERSION = YES;
				CLANG_WARN_NON_LITERAL_NULL_CONVERSION = YES;
				CLANG_WARN_OBJC_IMPLICIT_RETAIN_SELF = YES;
				CLANG_WARN_OBJC_LITERAL_CONVERSION = YES;
				CLANG_WARN_OBJC_ROOT_CLASS = YES_ERROR;
				CLANG_WARN_QUOTED_INCLUDE_IN_FRAMEWORK_HEADER = YES;
				CLANG_WARN_RANGE_LOOP_ANALYSIS = YES;
				CLANG_WARN_STRICT_PROTOTYPES = YES;
				CLANG_WARN_SUSPICIOUS_MOVE = YES;
				CLANG_WARN_UNGUARDED_AVAILABILITY = YES_AGGRESSIVE;
				CLANG_WARN_UNREACHABLE_CODE = YES;
				CLANG_WARN__DUPLICATE_METHOD_MATCH = YES;
				COPY_PHASE_STRIP = NO;
				DEBUG_INFORMATION_FORMAT = "dwarf-with-dsym";
				DEVELOPMENT_TEAM = VKVL298YR3;
				ENABLE_NS_ASSERTIONS = NO;
				ENABLE_STRICT_OBJC_MSGSEND = YES;
				ENABLE_USER_SCRIPT_SANDBOXING = YES;
				GCC_C_LANGUAGE_STANDARD = gnu17;
				GCC_NO_COMMON_BLOCKS = YES;
				GCC_WARN_64_TO_32_BIT_CONVERSION = YES;
				GCC_WARN_ABOUT_RETURN_TYPE = YES_ERROR;
				GCC_WARN_UNDECLARED_SELECTOR = YES;
				GCC_WARN_UNINITIALIZED_AUTOS = YES_AGGRESSIVE;
				GCC_WARN_UNUSED_FUNCTION = YES;
				GCC_WARN_UNUSED_VARIABLE = YES;
				LOCALIZATION_PREFERS_STRING_CATALOGS = YES;
				MACOSX_DEPLOYMENT_TARGET = 26.2;
				MTL_ENABLE_DEBUG_INFO = NO;
				MTL_FAST_MATH = YES;
				SDKROOT = macosx;
				SWIFT_COMPILATION_MODE = wholemodule;
			};
			name = Release;
		};
		4FB7B9DC2EF98F5400A1A958 /* Debug */ = {
			isa = XCBuildConfiguration;
			buildSettings = {
				ASSETCATALOG_COMPILER_APPICON_NAME = AppIcon;
				ASSETCATALOG_COMPILER_GLOBAL_ACCENT_COLOR_NAME = AccentColor;
				ASSETCATALOG_COMPILER_INCLUDE_ALL_APPICON_ASSETS = YES;
				CODE_SIGN_STYLE = Automatic;
				COMBINE_HIDPI_IMAGES = YES;
				CURRENT_PROJECT_VERSION = 1;
				DEVELOPMENT_TEAM = VKVL298YR3;
				ENABLE_APP_SANDBOX = YES;
				ENABLE_HARDENED_RUNTIME = YES;
				ENABLE_PREVIEWS = YES;
				ENABLE_USER_SELECTED_FILES = readonly;
				GENERATE_INFOPLIST_FILE = YES;
				INFOPLIST_KEY_LSApplicationCategoryType = "public.app-category.utilities";
				INFOPLIST_KEY_NSHumanReadableCopyright = "";
				LD_RUNPATH_SEARCH_PATHS = (
					"$(inherited)",
					"@executable_path/../Frameworks",
				);
				MARKETING_VERSION = 1.0;
				PRODUCT_BUNDLE_IDENTIFIER = maro.NetworkReporter;
				PRODUCT_NAME = "$(TARGET_NAME)";
				REGISTER_APP_GROUPS = YES;
				STRING_CATALOG_GENERATE_SYMBOLS = YES;
				SWIFT_APPROACHABLE_CONCURRENCY = YES;
				SWIFT_DEFAULT_ACTOR_ISOLATION = MainActor;
				SWIFT_EMIT_LOC_STRINGS = YES;
				SWIFT_UPCOMING_FEATURE_MEMBER_IMPORT_VISIBILITY = YES;
				SWIFT_VERSION = 5.0;
			};
			name = Debug;
		};
		4FB7B9DD2EF98F5400A1A958 /* Release */ = {
			isa = XCBuildConfiguration;
			buildSettings = {
				ASSETCATALOG_COMPILER_APPICON_NAME = AppIcon;
				ASSETCATALOG_COMPILER_GLOBAL_ACCENT_COLOR_NAME = AccentColor;
				ASSETCATALOG_COMPILER_INCLUDE_ALL_APPICON_ASSETS = YES;
				CODE_SIGN_STYLE = Automatic;
				COMBINE_HIDPI_IMAGES = YES;
				CURRENT_PROJECT_VERSION = 1;
				DEVELOPMENT_TEAM = VKVL298YR3;
				ENABLE_APP_SANDBOX = YES;
				ENABLE_HARDENED_RUNTIME = YES;
				ENABLE_PREVIEWS = YES;
				ENABLE_USER_SELECTED_FILES = readonly;
				GENERATE_INFOPLIST_FILE = YES;
				INFOPLIST_KEY_LSApplicationCategoryType = "public.app-category.utilities";
				INFOPLIST_KEY_NSHumanReadableCopyright = "";
				LD_RUNPATH_SEARCH_PATHS = (
					"$(inherited)",
					"@executable_path/../Frameworks",
				);
				MARKETING_VERSION = 1.0;
				PRODUCT_BUNDLE_IDENTIFIER = maro.NetworkReporter;
				PRODUCT_NAME = "$(TARGET_NAME)";
				REGISTER_APP_GROUPS = YES;
				STRING_CATALOG_GENERATE_SYMBOLS = YES;
				SWIFT_APPROACHABLE_CONCURRENCY = YES;
				SWIFT_DEFAULT_ACTOR_ISOLATION = MainActor;
				SWIFT_EMIT_LOC_STRINGS = YES;
				SWIFT_UPCOMING_FEATURE_MEMBER_IMPORT_VISIBILITY = YES;
				SWIFT_VERSION = 5.0;
			};
			name = Release;
		};
		4FB7B9DF2EF98F5400A1A958 /* Debug */ = {
			isa = XCBuildConfiguration;
			buildSettings = {
				BUNDLE_LOADER = "$(TEST_HOST)";
				CODE_SIGN_STYLE = Automatic;
				CURRENT_PROJECT_VERSION = 1;
				DEVELOPMENT_TEAM = VKVL298YR3;
				GENERATE_INFOPLIST_FILE = YES;
				MACOSX_DEPLOYMENT_TARGET = 26.2;
				MARKETING_VERSION = 1.0;
				PRODUCT_BUNDLE_IDENTIFIER = maro.NetworkReporterTests;
				PRODUCT_NAME = "$(TARGET_NAME)";
				STRING_CATALOG_GENERATE_SYMBOLS = NO;
				SWIFT_APPROACHABLE_CONCURRENCY = YES;
				SWIFT_EMIT_LOC_STRINGS = NO;
				SWIFT_UPCOMING_FEATURE_MEMBER_IMPORT_VISIBILITY = YES;
				SWIFT_VERSION = 5.0;
				TEST_HOST = "$(BUILT_PRODUCTS_DIR)/NetworkReporter.app/$(BUNDLE_EXECUTABLE_FOLDER_PATH)/NetworkReporter";
			};
			name = Debug;
		};
		4FB7B9E02EF98F5400A1A958 /* Release */ = {
			isa = XCBuildConfiguration;
			buildSettings = {
				BUNDLE_LOADER = "$(TEST_HOST)";
				CODE_SIGN_STYLE = Automatic;
				CURRENT_PROJECT_VERSION = 1;
				DEVELOPMENT_TEAM = VKVL298YR3;
				GENERATE_INFOPLIST_FILE = YES;
				MACOSX_DEPLOYMENT_TARGET = 26.2;
				MARKETING_VERSION = 1.0;
				PRODUCT_BUNDLE_IDENTIFIER = maro.NetworkReporterTests;
				PRODUCT_NAME = "$(TARGET_NAME)";
				STRING_CATALOG_GENERATE_SYMBOLS = NO;
				SWIFT_APPROACHABLE_CONCURRENCY = YES;
				SWIFT_EMIT_LOC_STRINGS = NO;
				SWIFT_UPCOMING_FEATURE_MEMBER_IMPORT_VISIBILITY = YES;
				SWIFT_VERSION = 5.0;
				TEST_HOST = "$(BUILT_PRODUCTS_DIR)/NetworkReporter.app/$(BUNDLE_EXECUTABLE_FOLDER_PATH)/NetworkReporter";
			};
			name = Release;
		};
		4FB7B9F62EF98F8300A1A958 /* Debug */ = {
			isa = XCBuildConfiguration;
			buildSettings = {
				CODE_SIGN_ENTITLEMENTS = NetworkReporterService/NetworkReporterService.entitlements;
				CODE_SIGN_STYLE = Automatic;
				COMBINE_HIDPI_IMAGES = YES;
				CURRENT_PROJECT_VERSION = 1;
				DEVELOPMENT_TEAM = VKVL298YR3;
				ENABLE_APP_SANDBOX = YES;
				ENABLE_HARDENED_RUNTIME = YES;
				GENERATE_INFOPLIST_FILE = YES;
				INFOPLIST_FILE = NetworkReporterService/Info.plist;
				INFOPLIST_KEY_CFBundleDisplayName = NetworkReporterService;
				INFOPLIST_KEY_NSHumanReadableCopyright = "";
				MARKETING_VERSION = 1.0;
				PRODUCT_BUNDLE_IDENTIFIER = maro.NetworkReporterService;
				PRODUCT_NAME = "$(TARGET_NAME)";
				REGISTER_APP_GROUPS = YES;
				SKIP_INSTALL = YES;
				STRING_CATALOG_GENERATE_SYMBOLS = YES;
				SWIFT_APPROACHABLE_CONCURRENCY = YES;
				SWIFT_EMIT_LOC_STRINGS = YES;
				SWIFT_UPCOMING_FEATURE_MEMBER_IMPORT_VISIBILITY = YES;
				SWIFT_VERSION = 5.0;
			};
			name = Debug;
		};
		4FB7B9F72EF98F8300A1A958 /* Release */ = {
			isa = XCBuildConfiguration;
			buildSettings = {
				CODE_SIGN_ENTITLEMENTS = NetworkReporterService/NetworkReporterService.entitlements;
				CODE_SIGN_STYLE = Automatic;
				COMBINE_HIDPI_IMAGES = YES;
				CURRENT_PROJECT_VERSION = 1;
				DEVELOPMENT_TEAM = VKVL298YR3;
				ENABLE_APP_SANDBOX = YES;
				ENABLE_HARDENED_RUNTIME = YES;
				GENERATE_INFOPLIST_FILE = YES;
				INFOPLIST_FILE = NetworkReporterService/Info.plist;
				INFOPLIST_KEY_CFBundleDisplayName = NetworkReporterService;
				INFOPLIST_KEY_NSHumanReadableCopyright = "";
				MARKETING_VERSION = 1.0;
				PRODUCT_BUNDLE_IDENTIFIER = maro.NetworkReporterService;
				PRODUCT_NAME = "$(TARGET_NAME)";
				REGISTER_APP_GROUPS = YES;
				SKIP_INSTALL = YES;
				STRING_CATALOG_GENERATE_SYMBOLS = YES;
				SWIFT_APPROACHABLE_CONCURRENCY = YES;
				SWIFT_EMIT_LOC_STRINGS = YES;
				SWIFT_UPCOMING_FEATURE_MEMBER_IMPORT_VISIBILITY = YES;
				SWIFT_VERSION = 5.0;
			};
			name = Release;
		};
/* End XCBuildConfiguration section */

/* Begin XCConfigurationList section */
		4FB7B9B02EF98F5200A1A958 /* Build configuration list for PBXProject "NetworkReporter" */ = {
			isa = XCConfigurationList;
			buildConfigurations = (
				4FB7B9D92EF98F5400A1A958 /* Debug */,
				4FB7B9DA2EF98F5400A1A958 /* Release */,
			);
			defaultConfigurationIsVisible = 0;
			defaultConfigurationName = Release;
		};
		4FB7B9DB2EF98F5400A1A958 /* Build configuration list for PBXNativeTarget "NetworkReporter" */ = {
			isa = XCConfigurationList;
			buildConfigurations = (
				4FB7B9DC2EF98F5400A1A958 /* Debug */,
				4FB7B9DD2EF98F5400A1A958 /* Release */,
			);
			defaultConfigurationIsVisible = 0;
			defaultConfigurationName = Release;
		};
		4FB7B9DE2EF98F5400A1A958 /* Build configuration list for PBXNativeTarget "NetworkReporterTests" */ = {
			isa = XCConfigurationList;
			buildConfigurations = (
				4FB7B9DF2EF98F5400A1A958 /* Debug */,
				4FB7B9E02EF98F5400A1A958 /* Release */,
			);
			defaultConfigurationIsVisible = 0;
			defaultConfigurationName = Release;
		};
		4FB7B9F52EF98F8300A1A958 /* Build configuration list for PBXNativeTarget "NetworkReporterService" */ = {
			isa = XCConfigurationList;
			buildConfigurations = (
				4FB7B9F62EF98F8300A1A958 /* Debug */,
				4FB7B9F72EF98F8300A1A958 /* Release */,
			);
			defaultConfigurationIsVisible = 0;
			defaultConfigurationName = Release;
		};
/* End XCConfigurationList section */

/* Begin XCLocalSwiftPackageReference section */
		4FFCB5D92F0052E2005467CB /* XCLocalSwiftPackageReference "NetworkReporterShared" */ = {
			isa = XCLocalSwiftPackageReference;
			relativePath = NetworkReporterShared;
		};
/* End XCLocalSwiftPackageReference section */

/* Begin XCSwiftPackageProductDependency section */
		4FF7EBC42F0803C900C92D6E /* NetworkReporterShared */ = {
			isa = XCSwiftPackageProductDependency;
			package = 4FFCB5D92F0052E2005467CB /* XCLocalSwiftPackageReference "NetworkReporterShared" */;
			productName = NetworkReporterShared;
		};
		4FFCB5DB2F00530E005467CB /* NetworkReporterShared */ = {
			isa = XCSwiftPackageProductDependency;
			package = 4FFCB5D92F0052E2005467CB /* XCLocalSwiftPackageReference "NetworkReporterShared" */;
			productName = NetworkReporterShared;
		};
		4FFCB5DD2F005338005467CB /* NetworkReporterShared */ = {
			isa = XCSwiftPackageProductDependency;
			package = 4FFCB5D92F0052E2005467CB /* XCLocalSwiftPackageReference "NetworkReporterShared" */;
			productName = NetworkReporterShared;
		};
/* End XCSwiftPackageProductDependency section */
	};
	rootObject = 4FB7B9AD2EF98F5200A1A958 /* Project object */;
}
